Microsoft Visual Studio Solution File, Format Version 12.00
# Visual Studio 14
VisualStudioVersion = 14.0.24720.0
MinimumVisualStudioVersion = 10.0.40219.1
Project("{8BC9CEB8-8B4A-11D0-8D11-00A0C91BC942}") = "stm32f7disco_qspi", "stm32f7disco_qspi.vcxproj", "{D36E11D1-20DB-4B3B-A5CE-64716E38B323}"
EndProject
Global
	GlobalSection(SolutionConfigurationPlatforms) = preSolution
		Debug|x86 = Debug|x86
		Release|x86 = Release|x86
	EndGlobalSection
	GlobalSection(ProjectConfigurationPlatforms) = postSolution
		{D36E11D1-20DB-4B3B-A5CE-64716E38B323}.Debug|x86.ActiveCfg = Debug|Win32
		{D36E11D1-20DB-4B3B-A5CE-64716E38B323}.Debug|x86.Build.0 = Debug|Win32
		{D36E11D1-20DB-4B3B-A5CE-64716E38B323}.Release|x86.ActiveCfg = Release|Win32
		{D36E11D1-20DB-4B3B-A5CE-64716E38B323}.Release|x86.Build.0 = Release|Win32
	EndGlobalSection
	GlobalSection(SolutionProperties) = preSolution
		HideSolutionNode = FALSE
	EndGlobalSection
EndGlobal
