<?xml version="1.0" encoding="utf-8"?>
<Project ToolsVersion="4.0" xmlns="http://schemas.microsoft.com/developer/msbuild/2003">
  <ItemGroup>
    <Filter Include="Source files">
      <UniqueIdentifier>{da8e1c00-f0fc-43a3-bb97-c2d7b0da00eb}</UniqueIdentifier>
      <Extensions>cpp;c;cc;cxx;def;odl;idl;hpj;bat;asm;asmx</Extensions>
    </Filter>
    <Filter Include="Header files">
      <UniqueIdentifier>{1d472303-7b2b-476f-8085-8a600afc6946}</UniqueIdentifier>
      <Extensions>h;hpp;hxx;hm;inl;inc;xsd</Extensions>
    </Filter>
    <Filter Include="Resource files">
      <UniqueIdentifier>{f9d9669c-70e8-44fe-8048-179aa985681b}</UniqueIdentifier>
      <Extensions>rc;ico;cur;bmp;dlg;rc2;rct;bin;rgs;gif;jpg;jpeg;jpe;resx;tiff;tif;png;wav</Extensions>
    </Filter>
    <Filter Include="Source files\Inc">
      <UniqueIdentifier>{a6c4ab9e-1306-487b-b6c5-e6b05d392260}</UniqueIdentifier>
    </Filter>
    <Filter Include="Source files\Src">
      <UniqueIdentifier>{d3352076-489d-491a-ae6f-9f618da86060}</UniqueIdentifier>
    </Filter>
    <Filter Include="Source files\Shared sources">
      <UniqueIdentifier>{e2862b31-3646-4244-b040-60d7e61d01e5}</UniqueIdentifier>
    </Filter>
    <Filter Include="Source files\Device-specific files">
      <UniqueIdentifier>{ffa866a9-4c71-4f19-9719-fb9abbc105b0}</UniqueIdentifier>
    </Filter>
    <Filter Include="Header files\Inc">
      <UniqueIdentifier>{8379597a-b687-486f-8c78-b56830d3f659}</UniqueIdentifier>
    </Filter>
    <Filter Include="Header files\Src">
      <UniqueIdentifier>{19058705-6603-4238-a7d0-374008425fd5}</UniqueIdentifier>
    </Filter>
    <Filter Include="Header files\Device-specific files">
      <UniqueIdentifier>{7d5f4346-efdd-4a5e-9e02-64d73e0bbeaf}</UniqueIdentifier>
    </Filter>
    <Filter Include="VisualGDB settings">
      <UniqueIdentifier>{b8787818-d07f-47c9-b7c5-f1fff38b8940}</UniqueIdentifier>
    </Filter>
  </ItemGroup>
  <ItemGroup>
    <None Include="readme.txt">
      <Filter>Source files</Filter>
    </None>
    <ClCompile Include="Src\system_stm32f7xx.c">
      <Filter>Source files\Src</Filter>
    </ClCompile>
    <ClCompile Include="..\..\..\..\..\..\projects\sysprogs-github\BSPTools\generators\stm32\Output\VendorSamples\STM32Cube_FW_F7_V1.7.0\Drivers\BSP\STM32F769I_EVAL\stm32f769i_eval.c">
      <Filter>Source files\Shared sources</Filter>
    </ClCompile>
    <ClCompile Include="..\..\..\..\..\..\projects\sysprogs-github\BSPTools\generators\stm32\Output\STM32F7xxxx\STM32F7xx_HAL_Driver\Src\stm32f7xx_hal_uart.c">
      <Filter>Source files\Shared sources</Filter>
    </ClCompile>
    <ClCompile Include="..\..\..\..\..\..\projects\sysprogs-github\BSPTools\generators\stm32\Output\STM32F7xxxx\STM32F7xx_HAL_Driver\Src\stm32f7xx_hal_adc.c">
      <Filter>Source files\Shared sources</Filter>
    </ClCompile>
    <ClCompile Include="..\..\..\..\..\..\projects\sysprogs-github\BSPTools\generators\stm32\Output\STM32F7xxxx\STM32F7xx_HAL_Driver\Src\stm32f7xx_hal_pwr.c">
      <Filter>Source files\Shared sources</Filter>
    </ClCompile>
    <ClCompile Include="..\..\..\..\..\..\projects\sysprogs-github\BSPTools\generators\stm32\Output\STM32F7xxxx\STM32F7xx_HAL_Driver\Src\stm32f7xx_hal_pwr_ex.c">
      <Filter>Source files\Shared sources</Filter>
    </ClCompile>
    <ClCompile Include="..\..\..\..\..\..\projects\sysprogs-github\BSPTools\generators\stm32\Output\STM32F7xxxx\STM32F7xx_HAL_Driver\Src\stm32f7xx_hal_cortex.c">
      <Filter>Source files\Shared sources</Filter>
    </ClCompile>
    <ClCompile Include="..\..\..\..\..\..\projects\sysprogs-github\BSPTools\generators\stm32\Output\STM32F7xxxx\STM32F7xx_HAL_Driver\Src\stm32f7xx_hal_dma.c">
      <Filter>Source files\Shared sources</Filter>
    </ClCompile>
    <ClCompile Include="..\..\..\..\..\..\projects\sysprogs-github\BSPTools\generators\stm32\Output\STM32F7xxxx\STM32F7xx_HAL_Driver\Src\stm32f7xx_hal_flash.c">
      <Filter>Source files\Shared sources</Filter>
    </ClCompile>
    <ClCompile Include="..\..\..\..\..\..\projects\sysprogs-github\BSPTools\generators\stm32\Output\STM32F7xxxx\STM32F7xx_HAL_Driver\Src\stm32f7xx_hal_rcc_ex.c">
      <Filter>Source files\Shared sources</Filter>
    </ClCompile>
    <ClCompile Include="..\..\..\..\..\..\projects\sysprogs-github\BSPTools\generators\stm32\Output\STM32F7xxxx\STM32F7xx_HAL_Driver\Src\stm32f7xx_hal_rcc.c">
      <Filter>Source files\Shared sources</Filter>
    </ClCompile>
    <ClCompile Include="..\..\..\..\..\..\projects\sysprogs-github\BSPTools\generators\stm32\Output\STM32F7xxxx\STM32F7xx_HAL_Driver\Src\stm32f7xx_hal_i2c.c">
      <Filter>Source files\Shared sources</Filter>
    </ClCompile>
    <ClCompile Include="..\..\..\..\..\..\projects\sysprogs-github\BSPTools\generators\stm32\Output\STM32F7xxxx\STM32F7xx_HAL_Driver\Src\stm32f7xx_hal.c">
      <Filter>Source files\Shared sources</Filter>
    </ClCompile>
    <ClCompile Include="..\..\..\..\..\..\projects\sysprogs-github\BSPTools\generators\stm32\Output\STM32F7xxxx\STM32F7xx_HAL_Driver\Src\stm32f7xx_hal_adc_ex.c">
      <Filter>Source files\Shared sources</Filter>
    </ClCompile>
    <ClCompile Include="..\..\..\..\..\..\projects\sysprogs-github\BSPTools\generators\stm32\Output\STM32F7xxxx\STM32F7xx_HAL_Driver\Src\stm32f7xx_hal_flash_ex.c">
      <Filter>Source files\Shared sources</Filter>
    </ClCompile>
    <ClCompile Include="..\..\..\..\..\..\projects\sysprogs-github\BSPTools\generators\stm32\Output\STM32F7xxxx\STM32F7xx_HAL_Driver\Src\stm32f7xx_hal_qspi.c">
      <Filter>Source files\Shared sources</Filter>
    </ClCompile>
    <ClCompile Include="..\..\..\..\..\..\projects\sysprogs-github\BSPTools\generators\stm32\Output\STM32F7xxxx\STM32F7xx_HAL_Driver\Src\stm32f7xx_hal_gpio.c">
      <Filter>Source files\Shared sources</Filter>
    </ClCompile>
    <None Include="stm32.props">
      <Filter>Source files\Device-specific files</Filter>
    </None>
    <ClCompile Include="$(BSP_ROOT)\STM32F7xxxx\StartupFiles\startup_stm32f769xx.c">
      <Filter>Source files\Device-specific files</Filter>
    </ClCompile>
    <ClInclude Include="Inc\main.h">
      <Filter>Header files\Inc</Filter>
    </ClInclude>
    <ClInclude Include="Inc\stm32f7xx_hal_conf.h">
      <Filter>Header files\Inc</Filter>
    </ClInclude>
    <ClInclude Include="Inc\stm32f7xx_it.h">
      <Filter>Header files\Inc</Filter>
    </ClInclude>
    <None Include="stm32f769_disco_qspi-Debug.vgdbsettings">
      <Filter>VisualGDB settings</Filter>
    </None>
    <None Include="stm32f769_disco_qspi-Release.vgdbsettings">
      <Filter>VisualGDB settings</Filter>
    </None>
    <None Include="stm32.xml">
      <Filter>VisualGDB settings</Filter>
    </None>
  </ItemGroup>
  <ItemGroup>
    <ClCompile Include="main.cpp">
      <Filter>Source files</Filter>
    </ClCompile>
    <ClCompile Include="..\..\common\FLASHPluginCommon.cpp">
      <Filter>Source files</Filter>
    </ClCompile>
    <ClCompile Include="stm32f769i_eval_qspi.c">
      <Filter>Source files</Filter>
    </ClCompile>
  </ItemGroup>
</Project>